// !$*UTF8*$!
{
	archiveVersion = 1;
	classes = {
	};
	objectVersion = 51;
	objects = {

/* Begin PBXBuildFile section */
		2B7C01BDEBAB8CAD6DBDEAC8 /* Pods_MelodyTracks.framework in Frameworks */ = {isa = PBXBuildFile; fileRef = 6E4A07D1A8BDF7FF1811CEE3 /* Pods_MelodyTracks.framework */; };
		42EE94BD76E4BD3D3132EC77 /* Pods_MelodyTracks_MelodyTracksUITests.framework in Frameworks */ = {isa = PBXBuildFile; fileRef = CAB2814FD00315C7EA0362AD /* Pods_MelodyTracks_MelodyTracksUITests.framework */; };
		A14A984270017934AA2AFA7A /* Pods_MelodyTracksTests.framework in Frameworks */ = {isa = PBXBuildFile; fileRef = 500D5147E0274640C57DB32B /* Pods_MelodyTracksTests.framework */; };
		CB05F09924C63620000332A6 /* Song.swift in Sources */ = {isa = PBXBuildFile; fileRef = CB05F09824C63620000332A6 /* Song.swift */; };
		CB05F09C24C6386C000332A6 /* SongLibraryScreen.swift in Sources */ = {isa = PBXBuildFile; fileRef = CB05F09B24C6386C000332A6 /* SongLibraryScreen.swift */; };
		CBFEE50224C7570600720B7B /* minus.png in Resources */ = {isa = PBXBuildFile; fileRef = CBFEE50024C7570500720B7B /* minus.png */; };
		CBFEE50324C7570600720B7B /* plus.png in Resources */ = {isa = PBXBuildFile; fileRef = CBFEE50124C7570600720B7B /* plus.png */; };
		CBFEE50524C7586D00720B7B /* backGradient.png in Resources */ = {isa = PBXBuildFile; fileRef = CBFEE50424C7586D00720B7B /* backGradient.png */; };
		CBFEE50D24C7990500720B7B /* graduation.png in Resources */ = {isa = PBXBuildFile; fileRef = CBFEE50C24C7990500720B7B /* graduation.png */; };
		CBFEE50F24C79AFF00720B7B /* theEnd.png in Resources */ = {isa = PBXBuildFile; fileRef = CBFEE50E24C79AFF00720B7B /* theEnd.png */; };
		CBFEE51324C7FC4000720B7B /* Songs in Resources */ = {isa = PBXBuildFile; fileRef = CBFEE51224C7FC3F00720B7B /* Songs */; };
		DF063D4124B3C41A0070F834 /* SelectionViewController.swift in Sources */ = {isa = PBXBuildFile; fileRef = DF063D4024B3C41A0070F834 /* SelectionViewController.swift */; };
		DF063D4524B42FAC0070F834 /* CustomCurtainViewController.swift in Sources */ = {isa = PBXBuildFile; fileRef = DF063D4424B42FAC0070F834 /* CustomCurtainViewController.swift */; };
		DF09EFEA24BE517F00BA6F41 /* customStepper.swift in Sources */ = {isa = PBXBuildFile; fileRef = DF09EFE924BE517F00BA6F41 /* customStepper.swift */; };
		DF12D2A124BE9A9C00CA15C4 /* MapViewController.swift in Sources */ = {isa = PBXBuildFile; fileRef = DF12D2A024BE9A9C00CA15C4 /* MapViewController.swift */; };
		DF12D2A324BE9BB100CA15C4 /* FinishViewController.swift in Sources */ = {isa = PBXBuildFile; fileRef = DF12D2A224BE9BB100CA15C4 /* FinishViewController.swift */; };
		DF12D2B524BF7F3400CA15C4 /* selectorButton.swift in Sources */ = {isa = PBXBuildFile; fileRef = DF12D2B424BF7F3400CA15C4 /* selectorButton.swift */; };
		DF5B987C24C2288D007DA5E3 /* SongCell.swift in Sources */ = {isa = PBXBuildFile; fileRef = DF5B987B24C2288D007DA5E3 /* SongCell.swift */; };
		DF73C95424AEB2FD0031B8FB /* AVFoundation.framework in Frameworks */ = {isa = PBXBuildFile; fileRef = DF73C95324AEB2FD0031B8FB /* AVFoundation.framework */; };
		DF7FF4B524C139A400EE2655 /* AudioToolbox.framework in Frameworks */ = {isa = PBXBuildFile; fileRef = DF73C94F24AEB2EC0031B8FB /* AudioToolbox.framework */; };
		DF7FF4B924C139B600EE2655 /* CoreMedia.framework in Frameworks */ = {isa = PBXBuildFile; fileRef = DF73C95124AEB2F50031B8FB /* CoreMedia.framework */; };
		DF7FF4EB24C1471900EE2655 /* Superpowered.mm in Sources */ = {isa = PBXBuildFile; fileRef = DF7FF4E624C1471900EE2655 /* Superpowered.mm */; };
		DF7FF4EC24C1471900EE2655 /* libSuperpoweredAudioIOS.a in Frameworks */ = {isa = PBXBuildFile; fileRef = DF7FF4E724C1471900EE2655 /* libSuperpoweredAudioIOS.a */; };
		DF7FF4ED24C1471900EE2655 /* BMPAnalyzer.swift in Sources */ = {isa = PBXBuildFile; fileRef = DF7FF4EA24C1471900EE2655 /* BMPAnalyzer.swift */; };
		DF90C93324B8D7A800D7670C /* startButton.swift in Sources */ = {isa = PBXBuildFile; fileRef = DF90C93124B8D7A800D7670C /* startButton.swift */; };
		DF90C93424B8D7A800D7670C /* finishButton.swift in Sources */ = {isa = PBXBuildFile; fileRef = DF90C93224B8D7A800D7670C /* finishButton.swift */; };
		DF90C93624B8FE2200D7670C /* selectSongButton.swift in Sources */ = {isa = PBXBuildFile; fileRef = DF90C93524B8FE2200D7670C /* selectSongButton.swift */; };
		DFA1779624A918C300FDFD18 /* AppDelegate.swift in Sources */ = {isa = PBXBuildFile; fileRef = DFA1779524A918C300FDFD18 /* AppDelegate.swift */; };
		DFA1779824A918C300FDFD18 /* SceneDelegate.swift in Sources */ = {isa = PBXBuildFile; fileRef = DFA1779724A918C300FDFD18 /* SceneDelegate.swift */; };
		DFA1779D24A918C300FDFD18 /* Main.storyboard in Resources */ = {isa = PBXBuildFile; fileRef = DFA1779B24A918C300FDFD18 /* Main.storyboard */; };
		DFA1779F24A918C400FDFD18 /* Assets.xcassets in Resources */ = {isa = PBXBuildFile; fileRef = DFA1779E24A918C400FDFD18 /* Assets.xcassets */; };
		DFA177A224A918C400FDFD18 /* LaunchScreen.storyboard in Resources */ = {isa = PBXBuildFile; fileRef = DFA177A024A918C400FDFD18 /* LaunchScreen.storyboard */; };
		DFA177AD24A918C400FDFD18 /* MelodyTracksTests.swift in Sources */ = {isa = PBXBuildFile; fileRef = DFA177AC24A918C400FDFD18 /* MelodyTracksTests.swift */; };
		DFA177B824A918C400FDFD18 /* MelodyTracksUITests.swift in Sources */ = {isa = PBXBuildFile; fileRef = DFA177B724A918C400FDFD18 /* MelodyTracksUITests.swift */; };
/* End PBXBuildFile section */

/* Begin PBXContainerItemProxy section */
		DFA177A924A918C400FDFD18 /* PBXContainerItemProxy */ = {
			isa = PBXContainerItemProxy;
			containerPortal = DFA1778A24A918C300FDFD18 /* Project object */;
			proxyType = 1;
			remoteGlobalIDString = DFA1779124A918C300FDFD18;
			remoteInfo = MelodyTracks;
		};
		DFA177B424A918C400FDFD18 /* PBXContainerItemProxy */ = {
			isa = PBXContainerItemProxy;
			containerPortal = DFA1778A24A918C300FDFD18 /* Project object */;
			proxyType = 1;
			remoteGlobalIDString = DFA1779124A918C300FDFD18;
			remoteInfo = MelodyTracks;
		};
/* End PBXContainerItemProxy section */

/* Begin PBXFileReference section */
		500D5147E0274640C57DB32B /* Pods_MelodyTracksTests.framework */ = {isa = PBXFileReference; explicitFileType = wrapper.framework; includeInIndex = 0; path = Pods_MelodyTracksTests.framework; sourceTree = BUILT_PRODUCTS_DIR; };
		66568E1A4833C3B71D73FFFD /* Pods-MelodyTracks-MelodyTracksUITests.debug.xcconfig */ = {isa = PBXFileReference; includeInIndex = 1; lastKnownFileType = text.xcconfig; name = "Pods-MelodyTracks-MelodyTracksUITests.debug.xcconfig"; path = "Target Support Files/Pods-MelodyTracks-MelodyTracksUITests/Pods-MelodyTracks-MelodyTracksUITests.debug.xcconfig"; sourceTree = "<group>"; };
		6E4A07D1A8BDF7FF1811CEE3 /* Pods_MelodyTracks.framework */ = {isa = PBXFileReference; explicitFileType = wrapper.framework; includeInIndex = 0; path = Pods_MelodyTracks.framework; sourceTree = BUILT_PRODUCTS_DIR; };
		797DAF989AB7CB357642BF48 /* Pods-MelodyTracks.release.xcconfig */ = {isa = PBXFileReference; includeInIndex = 1; lastKnownFileType = text.xcconfig; name = "Pods-MelodyTracks.release.xcconfig"; path = "Target Support Files/Pods-MelodyTracks/Pods-MelodyTracks.release.xcconfig"; sourceTree = "<group>"; };
		7A155DE04E4C21ABFB94FB41 /* Pods-MelodyTracks-MelodyTracksUITests.release.xcconfig */ = {isa = PBXFileReference; includeInIndex = 1; lastKnownFileType = text.xcconfig; name = "Pods-MelodyTracks-MelodyTracksUITests.release.xcconfig"; path = "Target Support Files/Pods-MelodyTracks-MelodyTracksUITests/Pods-MelodyTracks-MelodyTracksUITests.release.xcconfig"; sourceTree = "<group>"; };
		8269699A8166232F1486BFF2 /* Pods-MelodyTracks.debug.xcconfig */ = {isa = PBXFileReference; includeInIndex = 1; lastKnownFileType = text.xcconfig; name = "Pods-MelodyTracks.debug.xcconfig"; path = "Target Support Files/Pods-MelodyTracks/Pods-MelodyTracks.debug.xcconfig"; sourceTree = "<group>"; };
		A2346BD8316BC2DC2369F250 /* Pods-MelodyTracksTests.debug.xcconfig */ = {isa = PBXFileReference; includeInIndex = 1; lastKnownFileType = text.xcconfig; name = "Pods-MelodyTracksTests.debug.xcconfig"; path = "Target Support Files/Pods-MelodyTracksTests/Pods-MelodyTracksTests.debug.xcconfig"; sourceTree = "<group>"; };
		CAB2814FD00315C7EA0362AD /* Pods_MelodyTracks_MelodyTracksUITests.framework */ = {isa = PBXFileReference; explicitFileType = wrapper.framework; includeInIndex = 0; path = Pods_MelodyTracks_MelodyTracksUITests.framework; sourceTree = BUILT_PRODUCTS_DIR; };
		CB05F09824C63620000332A6 /* Song.swift */ = {isa = PBXFileReference; lastKnownFileType = sourcecode.swift; path = Song.swift; sourceTree = "<group>"; };
		CB05F09B24C6386C000332A6 /* SongLibraryScreen.swift */ = {isa = PBXFileReference; lastKnownFileType = sourcecode.swift; path = SongLibraryScreen.swift; sourceTree = "<group>"; };
		CBFEE50024C7570500720B7B /* minus.png */ = {isa = PBXFileReference; lastKnownFileType = image.png; path = minus.png; sourceTree = "<group>"; };
		CBFEE50124C7570600720B7B /* plus.png */ = {isa = PBXFileReference; lastKnownFileType = image.png; path = plus.png; sourceTree = "<group>"; };
		CBFEE50424C7586D00720B7B /* backGradient.png */ = {isa = PBXFileReference; lastKnownFileType = image.png; path = backGradient.png; sourceTree = "<group>"; };
		CBFEE50C24C7990500720B7B /* graduation.png */ = {isa = PBXFileReference; lastKnownFileType = image.png; path = graduation.png; sourceTree = "<group>"; };
		CBFEE50E24C79AFF00720B7B /* theEnd.png */ = {isa = PBXFileReference; lastKnownFileType = image.png; path = theEnd.png; sourceTree = "<group>"; };
		CBFEE51224C7FC3F00720B7B /* Songs */ = {isa = PBXFileReference; lastKnownFileType = folder; name = Songs; path = ../../../Songs; sourceTree = "<group>"; };
		DF063D4024B3C41A0070F834 /* SelectionViewController.swift */ = {isa = PBXFileReference; lastKnownFileType = sourcecode.swift; path = SelectionViewController.swift; sourceTree = "<group>"; };
		DF063D4424B42FAC0070F834 /* CustomCurtainViewController.swift */ = {isa = PBXFileReference; lastKnownFileType = sourcecode.swift; path = CustomCurtainViewController.swift; sourceTree = "<group>"; };
		DF09EFE924BE517F00BA6F41 /* customStepper.swift */ = {isa = PBXFileReference; lastKnownFileType = sourcecode.swift; path = customStepper.swift; sourceTree = "<group>"; };
		DF12D2A024BE9A9C00CA15C4 /* MapViewController.swift */ = {isa = PBXFileReference; lastKnownFileType = sourcecode.swift; path = MapViewController.swift; sourceTree = "<group>"; };
		DF12D2A224BE9BB100CA15C4 /* FinishViewController.swift */ = {isa = PBXFileReference; lastKnownFileType = sourcecode.swift; path = FinishViewController.swift; sourceTree = "<group>"; };
		DF12D2B424BF7F3400CA15C4 /* selectorButton.swift */ = {isa = PBXFileReference; lastKnownFileType = sourcecode.swift; path = selectorButton.swift; sourceTree = "<group>"; };
		DF47071424AEB7BB00F6E929 /* Accelerate.framework */ = {isa = PBXFileReference; lastKnownFileType = wrapper.framework; name = Accelerate.framework; path = System/Library/Frameworks/Accelerate.framework; sourceTree = SDKROOT; };
		DF47071624AEB7D800F6E929 /* aubio.framework */ = {isa = PBXFileReference; lastKnownFileType = wrapper.framework; name = aubio.framework; path = "MelodyTracks/aubio-0.4.7.iosuniversal_framework/aubio.framework"; sourceTree = "<group>"; };
		DF5B987B24C2288D007DA5E3 /* SongCell.swift */ = {isa = PBXFileReference; fileEncoding = 4; lastKnownFileType = sourcecode.swift; path = SongCell.swift; sourceTree = "<group>"; };
		DF73C94F24AEB2EC0031B8FB /* AudioToolbox.framework */ = {isa = PBXFileReference; lastKnownFileType = wrapper.framework; name = AudioToolbox.framework; path = System/Library/Frameworks/AudioToolbox.framework; sourceTree = SDKROOT; };
		DF73C95124AEB2F50031B8FB /* CoreMedia.framework */ = {isa = PBXFileReference; lastKnownFileType = wrapper.framework; name = CoreMedia.framework; path = System/Library/Frameworks/CoreMedia.framework; sourceTree = SDKROOT; };
		DF73C95324AEB2FD0031B8FB /* AVFoundation.framework */ = {isa = PBXFileReference; lastKnownFileType = wrapper.framework; name = AVFoundation.framework; path = System/Library/Frameworks/AVFoundation.framework; sourceTree = SDKROOT; };
		DF73C95524AEB3320031B8FB /* libSuperpoweredAudioIOS.a */ = {isa = PBXFileReference; lastKnownFileType = archive.ar; name = libSuperpoweredAudioIOS.a; path = MelodyTracks/Superpower/libSuperpoweredAudioIOS.a; sourceTree = "<group>"; };
		DF7FF4E424C1471900EE2655 /* SuperpoweredDecoder.h */ = {isa = PBXFileReference; fileEncoding = 4; lastKnownFileType = sourcecode.c.h; path = SuperpoweredDecoder.h; sourceTree = "<group>"; };
		DF7FF4E524C1471900EE2655 /* SuperpoweredSimple.h */ = {isa = PBXFileReference; fileEncoding = 4; lastKnownFileType = sourcecode.c.h; path = SuperpoweredSimple.h; sourceTree = "<group>"; };
		DF7FF4E624C1471900EE2655 /* Superpowered.mm */ = {isa = PBXFileReference; fileEncoding = 4; lastKnownFileType = sourcecode.cpp.objcpp; path = Superpowered.mm; sourceTree = "<group>"; };
		DF7FF4E724C1471900EE2655 /* libSuperpoweredAudioIOS.a */ = {isa = PBXFileReference; lastKnownFileType = archive.ar; path = libSuperpoweredAudioIOS.a; sourceTree = "<group>"; };
		DF7FF4E824C1471900EE2655 /* BPMAnalyzer-Bridging-Header.h */ = {isa = PBXFileReference; fileEncoding = 4; lastKnownFileType = sourcecode.c.h; path = "BPMAnalyzer-Bridging-Header.h"; sourceTree = "<group>"; };
		DF7FF4E924C1471900EE2655 /* SuperpoweredAnalyzer.h */ = {isa = PBXFileReference; fileEncoding = 4; lastKnownFileType = sourcecode.c.h; path = SuperpoweredAnalyzer.h; sourceTree = "<group>"; };
		DF7FF4EA24C1471900EE2655 /* BMPAnalyzer.swift */ = {isa = PBXFileReference; fileEncoding = 4; lastKnownFileType = sourcecode.swift; path = BMPAnalyzer.swift; sourceTree = SOURCE_ROOT; };
		DF7FF4F824C14BE300EE2655 /* MelodyTracks-Bridging-Header.h */ = {isa = PBXFileReference; fileEncoding = 4; lastKnownFileType = sourcecode.c.h; path = "MelodyTracks-Bridging-Header.h"; sourceTree = "<group>"; };
		DF90C93124B8D7A800D7670C /* startButton.swift */ = {isa = PBXFileReference; fileEncoding = 4; lastKnownFileType = sourcecode.swift; path = startButton.swift; sourceTree = "<group>"; };
		DF90C93224B8D7A800D7670C /* finishButton.swift */ = {isa = PBXFileReference; fileEncoding = 4; lastKnownFileType = sourcecode.swift; path = finishButton.swift; sourceTree = "<group>"; };
		DF90C93524B8FE2200D7670C /* selectSongButton.swift */ = {isa = PBXFileReference; lastKnownFileType = sourcecode.swift; path = selectSongButton.swift; sourceTree = "<group>"; };
		DFA1779224A918C300FDFD18 /* MelodyTracks.app */ = {isa = PBXFileReference; explicitFileType = wrapper.application; includeInIndex = 0; path = MelodyTracks.app; sourceTree = BUILT_PRODUCTS_DIR; };
		DFA1779524A918C300FDFD18 /* AppDelegate.swift */ = {isa = PBXFileReference; lastKnownFileType = sourcecode.swift; path = AppDelegate.swift; sourceTree = "<group>"; };
		DFA1779724A918C300FDFD18 /* SceneDelegate.swift */ = {isa = PBXFileReference; lastKnownFileType = sourcecode.swift; path = SceneDelegate.swift; sourceTree = "<group>"; };
		DFA1779C24A918C300FDFD18 /* Base */ = {isa = PBXFileReference; lastKnownFileType = file.storyboard; name = Base; path = Base.lproj/Main.storyboard; sourceTree = "<group>"; };
		DFA1779E24A918C400FDFD18 /* Assets.xcassets */ = {isa = PBXFileReference; lastKnownFileType = folder.assetcatalog; path = Assets.xcassets; sourceTree = "<group>"; };
		DFA177A124A918C400FDFD18 /* Base */ = {isa = PBXFileReference; lastKnownFileType = file.storyboard; name = Base; path = Base.lproj/LaunchScreen.storyboard; sourceTree = "<group>"; };
		DFA177A324A918C400FDFD18 /* Info.plist */ = {isa = PBXFileReference; lastKnownFileType = text.plist.xml; path = Info.plist; sourceTree = "<group>"; };
		DFA177A824A918C400FDFD18 /* MelodyTracksTests.xctest */ = {isa = PBXFileReference; explicitFileType = wrapper.cfbundle; includeInIndex = 0; path = MelodyTracksTests.xctest; sourceTree = BUILT_PRODUCTS_DIR; };
		DFA177AC24A918C400FDFD18 /* MelodyTracksTests.swift */ = {isa = PBXFileReference; lastKnownFileType = sourcecode.swift; path = MelodyTracksTests.swift; sourceTree = "<group>"; };
		DFA177AE24A918C400FDFD18 /* Info.plist */ = {isa = PBXFileReference; lastKnownFileType = text.plist.xml; path = Info.plist; sourceTree = "<group>"; };
		DFA177B324A918C400FDFD18 /* MelodyTracksUITests.xctest */ = {isa = PBXFileReference; explicitFileType = wrapper.cfbundle; includeInIndex = 0; path = MelodyTracksUITests.xctest; sourceTree = BUILT_PRODUCTS_DIR; };
		DFA177B724A918C400FDFD18 /* MelodyTracksUITests.swift */ = {isa = PBXFileReference; lastKnownFileType = sourcecode.swift; path = MelodyTracksUITests.swift; sourceTree = "<group>"; };
		DFA177B924A918C400FDFD18 /* Info.plist */ = {isa = PBXFileReference; lastKnownFileType = text.plist.xml; path = Info.plist; sourceTree = "<group>"; };
		DFA177CA24A965CE00FDFD18 /* HomeScreen.swift */ = {isa = PBXFileReference; lastKnownFileType = sourcecode.swift; path = HomeScreen.swift; sourceTree = "<group>"; };
		F50A7DBE05D1F86AE8B85DCD /* Pods-MelodyTracksTests.release.xcconfig */ = {isa = PBXFileReference; includeInIndex = 1; lastKnownFileType = text.xcconfig; name = "Pods-MelodyTracksTests.release.xcconfig"; path = "Target Support Files/Pods-MelodyTracksTests/Pods-MelodyTracksTests.release.xcconfig"; sourceTree = "<group>"; };
/* End PBXFileReference section */

/* Begin PBXFrameworksBuildPhase section */
		DFA1778F24A918C300FDFD18 /* Frameworks */ = {
			isa = PBXFrameworksBuildPhase;
			buildActionMask = 2147483647;
			files = (
				DF7FF4EC24C1471900EE2655 /* libSuperpoweredAudioIOS.a in Frameworks */,
				DF7FF4B524C139A400EE2655 /* AudioToolbox.framework in Frameworks */,
				DF7FF4B924C139B600EE2655 /* CoreMedia.framework in Frameworks */,
				DF73C95424AEB2FD0031B8FB /* AVFoundation.framework in Frameworks */,
				2B7C01BDEBAB8CAD6DBDEAC8 /* Pods_MelodyTracks.framework in Frameworks */,
			);
			runOnlyForDeploymentPostprocessing = 0;
		};
		DFA177A524A918C400FDFD18 /* Frameworks */ = {
			isa = PBXFrameworksBuildPhase;
			buildActionMask = 2147483647;
			files = (
				A14A984270017934AA2AFA7A /* Pods_MelodyTracksTests.framework in Frameworks */,
			);
			runOnlyForDeploymentPostprocessing = 0;
		};
		DFA177B024A918C400FDFD18 /* Frameworks */ = {
			isa = PBXFrameworksBuildPhase;
			buildActionMask = 2147483647;
			files = (
				42EE94BD76E4BD3D3132EC77 /* Pods_MelodyTracks_MelodyTracksUITests.framework in Frameworks */,
			);
			runOnlyForDeploymentPostprocessing = 0;
		};
/* End PBXFrameworksBuildPhase section */

/* Begin PBXGroup section */
		9DE83DCCDB00C2F0E7318B4F /* Pods */ = {
			isa = PBXGroup;
			children = (
				8269699A8166232F1486BFF2 /* Pods-MelodyTracks.debug.xcconfig */,
				797DAF989AB7CB357642BF48 /* Pods-MelodyTracks.release.xcconfig */,
				66568E1A4833C3B71D73FFFD /* Pods-MelodyTracks-MelodyTracksUITests.debug.xcconfig */,
				7A155DE04E4C21ABFB94FB41 /* Pods-MelodyTracks-MelodyTracksUITests.release.xcconfig */,
				A2346BD8316BC2DC2369F250 /* Pods-MelodyTracksTests.debug.xcconfig */,
				F50A7DBE05D1F86AE8B85DCD /* Pods-MelodyTracksTests.release.xcconfig */,
			);
			path = Pods;
			sourceTree = "<group>";
		};
		CB05F09A24C63642000332A6 /* SupportingFiles */ = {
			isa = PBXGroup;
			children = (
				DFA1779524A918C300FDFD18 /* AppDelegate.swift */,
				DFA1779724A918C300FDFD18 /* SceneDelegate.swift */,
			);
			path = SupportingFiles;
			sourceTree = "<group>";
		};
		CBFEE4FB24C66C7000720B7B /* images */ = {
			isa = PBXGroup;
			children = (
				CBFEE50E24C79AFF00720B7B /* theEnd.png */,
				CBFEE50C24C7990500720B7B /* graduation.png */,
				CBFEE50424C7586D00720B7B /* backGradient.png */,
				CBFEE50024C7570500720B7B /* minus.png */,
				CBFEE50124C7570600720B7B /* plus.png */,
			);
			path = images;
			sourceTree = "<group>";
		};
		DF5B987A24C2288D007DA5E3 /* tableViewCell */ = {
			isa = PBXGroup;
			children = (
				DF5B987B24C2288D007DA5E3 /* SongCell.swift */,
				CB05F09824C63620000332A6 /* Song.swift */,
			);
			path = tableViewCell;
			sourceTree = "<group>";
		};
		DF73C94E24AEB2EC0031B8FB /* Frameworks */ = {
			isa = PBXGroup;
			children = (
				DF47071624AEB7D800F6E929 /* aubio.framework */,
				DF47071424AEB7BB00F6E929 /* Accelerate.framework */,
				DF73C95524AEB3320031B8FB /* libSuperpoweredAudioIOS.a */,
				DF73C95324AEB2FD0031B8FB /* AVFoundation.framework */,
				DF73C95124AEB2F50031B8FB /* CoreMedia.framework */,
				DF73C94F24AEB2EC0031B8FB /* AudioToolbox.framework */,
				6E4A07D1A8BDF7FF1811CEE3 /* Pods_MelodyTracks.framework */,
				CAB2814FD00315C7EA0362AD /* Pods_MelodyTracks_MelodyTracksUITests.framework */,
				500D5147E0274640C57DB32B /* Pods_MelodyTracksTests.framework */,
			);
			name = Frameworks;
			sourceTree = "<group>";
		};
		DF7FF4E324C1471900EE2655 /* Superpower */ = {
			isa = PBXGroup;
			children = (
				DF7FF4E424C1471900EE2655 /* SuperpoweredDecoder.h */,
				DF7FF4E524C1471900EE2655 /* SuperpoweredSimple.h */,
				DF7FF4E624C1471900EE2655 /* Superpowered.mm */,
				DF7FF4E724C1471900EE2655 /* libSuperpoweredAudioIOS.a */,
				DF7FF4E824C1471900EE2655 /* BPMAnalyzer-Bridging-Header.h */,
				DF7FF4E924C1471900EE2655 /* SuperpoweredAnalyzer.h */,
			);
			path = Superpower;
			sourceTree = SOURCE_ROOT;
		};
		DF90C93024B8D7A800D7670C /* Buttons */ = {
			isa = PBXGroup;
			children = (
				DF90C93124B8D7A800D7670C /* startButton.swift */,
				DF90C93224B8D7A800D7670C /* finishButton.swift */,
				DF90C93524B8FE2200D7670C /* selectSongButton.swift */,
				DF09EFE924BE517F00BA6F41 /* customStepper.swift */,
				DF12D2B424BF7F3400CA15C4 /* selectorButton.swift */,
			);
			path = Buttons;
			sourceTree = "<group>";
		};
		DFA1778924A918C300FDFD18 = {
			isa = PBXGroup;
			children = (
				DFA1779424A918C300FDFD18 /* MelodyTracks */,
				DFA177AB24A918C400FDFD18 /* MelodyTracksTests */,
				DFA177B624A918C400FDFD18 /* MelodyTracksUITests */,
				DFA1779324A918C300FDFD18 /* Products */,
				DF73C94E24AEB2EC0031B8FB /* Frameworks */,
				9DE83DCCDB00C2F0E7318B4F /* Pods */,
			);
			sourceTree = "<group>";
		};
		DFA1779324A918C300FDFD18 /* Products */ = {
			isa = PBXGroup;
			children = (
				DFA1779224A918C300FDFD18 /* MelodyTracks.app */,
				DFA177A824A918C400FDFD18 /* MelodyTracksTests.xctest */,
				DFA177B324A918C400FDFD18 /* MelodyTracksUITests.xctest */,
			);
			name = Products;
			sourceTree = "<group>";
		};
		DFA1779424A918C300FDFD18 /* MelodyTracks */ = {
			isa = PBXGroup;
			children = (
				CBFEE51224C7FC3F00720B7B /* Songs */,
				DFA1779B24A918C300FDFD18 /* Main.storyboard */,
				DF7FF4E324C1471900EE2655 /* Superpower */,
				DF5B987A24C2288D007DA5E3 /* tableViewCell */,
				DF7FF4F824C14BE300EE2655 /* MelodyTracks-Bridging-Header.h */,
				DF7FF4EA24C1471900EE2655 /* BMPAnalyzer.swift */,
				DF90C93024B8D7A800D7670C /* Buttons */,
				DFA177C924A965BC00FDFD18 /* Screens */,
				CB05F09A24C63642000332A6 /* SupportingFiles */,
				DFA177CA24A965CE00FDFD18 /* HomeScreen.swift */,
				DFA1779E24A918C400FDFD18 /* Assets.xcassets */,
				DFA177A024A918C400FDFD18 /* LaunchScreen.storyboard */,
				DFA177A324A918C400FDFD18 /* Info.plist */,
				CBFEE4FB24C66C7000720B7B /* images */,
			);
			path = MelodyTracks;
			sourceTree = "<group>";
		};
		DFA177AB24A918C400FDFD18 /* MelodyTracksTests */ = {
			isa = PBXGroup;
			children = (
				DFA177AC24A918C400FDFD18 /* MelodyTracksTests.swift */,
				DFA177AE24A918C400FDFD18 /* Info.plist */,
			);
			path = MelodyTracksTests;
			sourceTree = "<group>";
		};
		DFA177B624A918C400FDFD18 /* MelodyTracksUITests */ = {
			isa = PBXGroup;
			children = (
				DFA177B724A918C400FDFD18 /* MelodyTracksUITests.swift */,
				DFA177B924A918C400FDFD18 /* Info.plist */,
			);
			path = MelodyTracksUITests;
			sourceTree = "<group>";
		};
		DFA177C924A965BC00FDFD18 /* Screens */ = {
			isa = PBXGroup;
			children = (
				DF063D4024B3C41A0070F834 /* SelectionViewController.swift */,
				DF063D4424B42FAC0070F834 /* CustomCurtainViewController.swift */,
				DF12D2A024BE9A9C00CA15C4 /* MapViewController.swift */,
				DF12D2A224BE9BB100CA15C4 /* FinishViewController.swift */,
				CB05F09B24C6386C000332A6 /* SongLibraryScreen.swift */,
			);
			path = Screens;
			sourceTree = "<group>";
		};
/* End PBXGroup section */

/* Begin PBXNativeTarget section */
		DFA1779124A918C300FDFD18 /* MelodyTracks */ = {
			isa = PBXNativeTarget;
			buildConfigurationList = DFA177BC24A918C400FDFD18 /* Build configuration list for PBXNativeTarget "MelodyTracks" */;
			buildPhases = (
				8CCEB85556E4FBFB8F1CCF10 /* [CP] Check Pods Manifest.lock */,
				DFA1778E24A918C300FDFD18 /* Sources */,
				DFA1778F24A918C300FDFD18 /* Frameworks */,
				DFA1779024A918C300FDFD18 /* Resources */,
				1E58137C03325A3689468AB5 /* [CP] Embed Pods Frameworks */,
			);
			buildRules = (
			);
			dependencies = (
			);
			name = MelodyTracks;
			productName = MelodyTracks;
			productReference = DFA1779224A918C300FDFD18 /* MelodyTracks.app */;
			productType = "com.apple.product-type.application";
		};
		DFA177A724A918C400FDFD18 /* MelodyTracksTests */ = {
			isa = PBXNativeTarget;
			buildConfigurationList = DFA177BF24A918C400FDFD18 /* Build configuration list for PBXNativeTarget "MelodyTracksTests" */;
			buildPhases = (
				2E9D2A57ED9C89C3B6D59FE9 /* [CP] Check Pods Manifest.lock */,
				DFA177A424A918C400FDFD18 /* Sources */,
				DFA177A524A918C400FDFD18 /* Frameworks */,
				DFA177A624A918C400FDFD18 /* Resources */,
			);
			buildRules = (
			);
			dependencies = (
				DFA177AA24A918C400FDFD18 /* PBXTargetDependency */,
			);
			name = MelodyTracksTests;
			productName = MelodyTracksTests;
			productReference = DFA177A824A918C400FDFD18 /* MelodyTracksTests.xctest */;
			productType = "com.apple.product-type.bundle.unit-test";
		};
		DFA177B224A918C400FDFD18 /* MelodyTracksUITests */ = {
			isa = PBXNativeTarget;
			buildConfigurationList = DFA177C224A918C400FDFD18 /* Build configuration list for PBXNativeTarget "MelodyTracksUITests" */;
			buildPhases = (
				AF3ECC0F3D26C73E03C68616 /* [CP] Check Pods Manifest.lock */,
				DFA177AF24A918C400FDFD18 /* Sources */,
				DFA177B024A918C400FDFD18 /* Frameworks */,
				DFA177B124A918C400FDFD18 /* Resources */,
				C312C9D3807F94EC82F24C62 /* [CP] Embed Pods Frameworks */,
			);
			buildRules = (
			);
			dependencies = (
				DFA177B524A918C400FDFD18 /* PBXTargetDependency */,
			);
			name = MelodyTracksUITests;
			productName = MelodyTracksUITests;
			productReference = DFA177B324A918C400FDFD18 /* MelodyTracksUITests.xctest */;
			productType = "com.apple.product-type.bundle.ui-testing";
		};
/* End PBXNativeTarget section */

/* Begin PBXProject section */
		DFA1778A24A918C300FDFD18 /* Project object */ = {
			isa = PBXProject;
			attributes = {
				LastSwiftUpdateCheck = 1160;
				LastUpgradeCheck = 1160;
				ORGANIZATIONNAME = "Daniel Loi";
				TargetAttributes = {
					DFA1779124A918C300FDFD18 = {
						CreatedOnToolsVersion = 11.6;
					};
					DFA177A724A918C400FDFD18 = {
						CreatedOnToolsVersion = 11.6;
						TestTargetID = DFA1779124A918C300FDFD18;
					};
					DFA177B224A918C400FDFD18 = {
						CreatedOnToolsVersion = 11.6;
						TestTargetID = DFA1779124A918C300FDFD18;
					};
				};
			};
			buildConfigurationList = DFA1778D24A918C300FDFD18 /* Build configuration list for PBXProject "MelodyTracks" */;
			compatibilityVersion = "Xcode 9.3";
			developmentRegion = en;
			hasScannedForEncodings = 0;
			knownRegions = (
				en,
				Base,
			);
			mainGroup = DFA1778924A918C300FDFD18;
			productRefGroup = DFA1779324A918C300FDFD18 /* Products */;
			projectDirPath = "";
			projectRoot = "";
			targets = (
				DFA1779124A918C300FDFD18 /* MelodyTracks */,
				DFA177A724A918C400FDFD18 /* MelodyTracksTests */,
				DFA177B224A918C400FDFD18 /* MelodyTracksUITests */,
			);
		};
/* End PBXProject section */

/* Begin PBXResourcesBuildPhase section */
		DFA1779024A918C300FDFD18 /* Resources */ = {
			isa = PBXResourcesBuildPhase;
			buildActionMask = 2147483647;
			files = (
				CBFEE50F24C79AFF00720B7B /* theEnd.png in Resources */,
				DFA177A224A918C400FDFD18 /* LaunchScreen.storyboard in Resources */,
				CBFEE50224C7570600720B7B /* minus.png in Resources */,
				DFA1779F24A918C400FDFD18 /* Assets.xcassets in Resources */,
				DFA1779D24A918C300FDFD18 /* Main.storyboard in Resources */,
				CBFEE50524C7586D00720B7B /* backGradient.png in Resources */,
				CBFEE51324C7FC4000720B7B /* Songs in Resources */,
				CBFEE50324C7570600720B7B /* plus.png in Resources */,
				CBFEE50D24C7990500720B7B /* graduation.png in Resources */,
			);
			runOnlyForDeploymentPostprocessing = 0;
		};
		DFA177A624A918C400FDFD18 /* Resources */ = {
			isa = PBXResourcesBuildPhase;
			buildActionMask = 2147483647;
			files = (
			);
			runOnlyForDeploymentPostprocessing = 0;
		};
		DFA177B124A918C400FDFD18 /* Resources */ = {
			isa = PBXResourcesBuildPhase;
			buildActionMask = 2147483647;
			files = (
			);
			runOnlyForDeploymentPostprocessing = 0;
		};
/* End PBXResourcesBuildPhase section */

/* Begin PBXShellScriptBuildPhase section */
		1E58137C03325A3689468AB5 /* [CP] Embed Pods Frameworks */ = {
			isa = PBXShellScriptBuildPhase;
			buildActionMask = 2147483647;
			files = (
			);
			inputFileListPaths = (
				"${PODS_ROOT}/Target Support Files/Pods-MelodyTracks/Pods-MelodyTracks-frameworks-${CONFIGURATION}-input-files.xcfilelist",
			);
			name = "[CP] Embed Pods Frameworks";
			outputFileListPaths = (
				"${PODS_ROOT}/Target Support Files/Pods-MelodyTracks/Pods-MelodyTracks-frameworks-${CONFIGURATION}-output-files.xcfilelist",
			);
			runOnlyForDeploymentPostprocessing = 0;
			shellPath = /bin/sh;
			shellScript = "\"${PODS_ROOT}/Target Support Files/Pods-MelodyTracks/Pods-MelodyTracks-frameworks.sh\"\n";
			showEnvVarsInLog = 0;
		};
		2E9D2A57ED9C89C3B6D59FE9 /* [CP] Check Pods Manifest.lock */ = {
			isa = PBXShellScriptBuildPhase;
			buildActionMask = 2147483647;
			files = (
			);
			inputFileListPaths = (
			);
			inputPaths = (
				"${PODS_PODFILE_DIR_PATH}/Podfile.lock",
				"${PODS_ROOT}/Manifest.lock",
			);
			name = "[CP] Check Pods Manifest.lock";
			outputFileListPaths = (
			);
			outputPaths = (
				"$(DERIVED_FILE_DIR)/Pods-MelodyTracksTests-checkManifestLockResult.txt",
			);
			runOnlyForDeploymentPostprocessing = 0;
			shellPath = /bin/sh;
			shellScript = "diff \"${PODS_PODFILE_DIR_PATH}/Podfile.lock\" \"${PODS_ROOT}/Manifest.lock\" > /dev/null\nif [ $? != 0 ] ; then\n    # print error to STDERR\n    echo \"error: The sandbox is not in sync with the Podfile.lock. Run 'pod install' or update your CocoaPods installation.\" >&2\n    exit 1\nfi\n# This output is used by Xcode 'outputs' to avoid re-running this script phase.\necho \"SUCCESS\" > \"${SCRIPT_OUTPUT_FILE_0}\"\n";
			showEnvVarsInLog = 0;
		};
		8CCEB85556E4FBFB8F1CCF10 /* [CP] Check Pods Manifest.lock */ = {
			isa = PBXShellScriptBuildPhase;
			buildActionMask = 2147483647;
			files = (
			);
			inputFileListPaths = (
			);
			inputPaths = (
				"${PODS_PODFILE_DIR_PATH}/Podfile.lock",
				"${PODS_ROOT}/Manifest.lock",
			);
			name = "[CP] Check Pods Manifest.lock";
			outputFileListPaths = (
			);
			outputPaths = (
				"$(DERIVED_FILE_DIR)/Pods-MelodyTracks-checkManifestLockResult.txt",
			);
			runOnlyForDeploymentPostprocessing = 0;
			shellPath = /bin/sh;
			shellScript = "diff \"${PODS_PODFILE_DIR_PATH}/Podfile.lock\" \"${PODS_ROOT}/Manifest.lock\" > /dev/null\nif [ $? != 0 ] ; then\n    # print error to STDERR\n    echo \"error: The sandbox is not in sync with the Podfile.lock. Run 'pod install' or update your CocoaPods installation.\" >&2\n    exit 1\nfi\n# This output is used by Xcode 'outputs' to avoid re-running this script phase.\necho \"SUCCESS\" > \"${SCRIPT_OUTPUT_FILE_0}\"\n";
			showEnvVarsInLog = 0;
		};
		AF3ECC0F3D26C73E03C68616 /* [CP] Check Pods Manifest.lock */ = {
			isa = PBXShellScriptBuildPhase;
			buildActionMask = 2147483647;
			files = (
			);
			inputFileListPaths = (
			);
			inputPaths = (
				"${PODS_PODFILE_DIR_PATH}/Podfile.lock",
				"${PODS_ROOT}/Manifest.lock",
			);
			name = "[CP] Check Pods Manifest.lock";
			outputFileListPaths = (
			);
			outputPaths = (
				"$(DERIVED_FILE_DIR)/Pods-MelodyTracks-MelodyTracksUITests-checkManifestLockResult.txt",
			);
			runOnlyForDeploymentPostprocessing = 0;
			shellPath = /bin/sh;
			shellScript = "diff \"${PODS_PODFILE_DIR_PATH}/Podfile.lock\" \"${PODS_ROOT}/Manifest.lock\" > /dev/null\nif [ $? != 0 ] ; then\n    # print error to STDERR\n    echo \"error: The sandbox is not in sync with the Podfile.lock. Run 'pod install' or update your CocoaPods installation.\" >&2\n    exit 1\nfi\n# This output is used by Xcode 'outputs' to avoid re-running this script phase.\necho \"SUCCESS\" > \"${SCRIPT_OUTPUT_FILE_0}\"\n";
			showEnvVarsInLog = 0;
		};
		C312C9D3807F94EC82F24C62 /* [CP] Embed Pods Frameworks */ = {
			isa = PBXShellScriptBuildPhase;
			buildActionMask = 2147483647;
			files = (
			);
			inputFileListPaths = (
				"${PODS_ROOT}/Target Support Files/Pods-MelodyTracks-MelodyTracksUITests/Pods-MelodyTracks-MelodyTracksUITests-frameworks-${CONFIGURATION}-input-files.xcfilelist",
			);
			name = "[CP] Embed Pods Frameworks";
			outputFileListPaths = (
				"${PODS_ROOT}/Target Support Files/Pods-MelodyTracks-MelodyTracksUITests/Pods-MelodyTracks-MelodyTracksUITests-frameworks-${CONFIGURATION}-output-files.xcfilelist",
			);
			runOnlyForDeploymentPostprocessing = 0;
			shellPath = /bin/sh;
			shellScript = "\"${PODS_ROOT}/Target Support Files/Pods-MelodyTracks-MelodyTracksUITests/Pods-MelodyTracks-MelodyTracksUITests-frameworks.sh\"\n";
			showEnvVarsInLog = 0;
		};
/* End PBXShellScriptBuildPhase section */

/* Begin PBXSourcesBuildPhase section */
		DFA1778E24A918C300FDFD18 /* Sources */ = {
			isa = PBXSourcesBuildPhase;
			buildActionMask = 2147483647;
			files = (
				DF5B987C24C2288D007DA5E3 /* SongCell.swift in Sources */,
				DF7FF4EB24C1471900EE2655 /* Superpowered.mm in Sources */,
				DF90C93424B8D7A800D7670C /* finishButton.swift in Sources */,
				DF063D4524B42FAC0070F834 /* CustomCurtainViewController.swift in Sources */,
				DFA1779624A918C300FDFD18 /* AppDelegate.swift in Sources */,
				DF09EFEA24BE517F00BA6F41 /* customStepper.swift in Sources */,
				DF12D2A124BE9A9C00CA15C4 /* MapViewController.swift in Sources */,
				DF12D2B524BF7F3400CA15C4 /* selectorButton.swift in Sources */,
				DF12D2A324BE9BB100CA15C4 /* FinishViewController.swift in Sources */,
				CB05F09924C63620000332A6 /* Song.swift in Sources */,
				DF90C93624B8FE2200D7670C /* selectSongButton.swift in Sources */,
				DFA1779824A918C300FDFD18 /* SceneDelegate.swift in Sources */,
				DF7FF4ED24C1471900EE2655 /* BMPAnalyzer.swift in Sources */,
				DF90C93324B8D7A800D7670C /* startButton.swift in Sources */,
				CB05F09C24C6386C000332A6 /* SongLibraryScreen.swift in Sources */,
				DF063D4124B3C41A0070F834 /* SelectionViewController.swift in Sources */,
			);
			runOnlyForDeploymentPostprocessing = 0;
		};
		DFA177A424A918C400FDFD18 /* Sources */ = {
			isa = PBXSourcesBuildPhase;
			buildActionMask = 2147483647;
			files = (
				DFA177AD24A918C400FDFD18 /* MelodyTracksTests.swift in Sources */,
			);
			runOnlyForDeploymentPostprocessing = 0;
		};
		DFA177AF24A918C400FDFD18 /* Sources */ = {
			isa = PBXSourcesBuildPhase;
			buildActionMask = 2147483647;
			files = (
				DFA177B824A918C400FDFD18 /* MelodyTracksUITests.swift in Sources */,
			);
			runOnlyForDeploymentPostprocessing = 0;
		};
/* End PBXSourcesBuildPhase section */

/* Begin PBXTargetDependency section */
		DFA177AA24A918C400FDFD18 /* PBXTargetDependency */ = {
			isa = PBXTargetDependency;
			target = DFA1779124A918C300FDFD18 /* MelodyTracks */;
			targetProxy = DFA177A924A918C400FDFD18 /* PBXContainerItemProxy */;
		};
		DFA177B524A918C400FDFD18 /* PBXTargetDependency */ = {
			isa = PBXTargetDependency;
			target = DFA1779124A918C300FDFD18 /* MelodyTracks */;
			targetProxy = DFA177B424A918C400FDFD18 /* PBXContainerItemProxy */;
		};
/* End PBXTargetDependency section */

/* Begin PBXVariantGroup section */
		DFA1779B24A918C300FDFD18 /* Main.storyboard */ = {
			isa = PBXVariantGroup;
			children = (
				DFA1779C24A918C300FDFD18 /* Base */,
			);
			name = Main.storyboard;
			sourceTree = "<group>";
		};
		DFA177A024A918C400FDFD18 /* LaunchScreen.storyboard */ = {
			isa = PBXVariantGroup;
			children = (
				DFA177A124A918C400FDFD18 /* Base */,
			);
			name = LaunchScreen.storyboard;
			sourceTree = "<group>";
		};
/* End PBXVariantGroup section */

/* Begin XCBuildConfiguration section */
		DFA177BA24A918C400FDFD18 /* Debug */ = {
			isa = XCBuildConfiguration;
			buildSettings = {
				ALWAYS_SEARCH_USER_PATHS = NO;
				CLANG_ANALYZER_NONNULL = YES;
				CLANG_ANALYZER_NUMBER_OBJECT_CONVERSION = YES_AGGRESSIVE;
				CLANG_CXX_LANGUAGE_STANDARD = "gnu++14";
				CLANG_CXX_LIBRARY = "libc++";
				CLANG_ENABLE_MODULES = YES;
				CLANG_ENABLE_OBJC_ARC = YES;
				CLANG_ENABLE_OBJC_WEAK = YES;
				CLANG_WARN_BLOCK_CAPTURE_AUTORELEASING = YES;
				CLANG_WARN_BOOL_CONVERSION = YES;
				CLANG_WARN_COMMA = YES;
				CLANG_WARN_CONSTANT_CONVERSION = YES;
				CLANG_WARN_DEPRECATED_OBJC_IMPLEMENTATIONS = YES;
				CLANG_WARN_DIRECT_OBJC_ISA_USAGE = YES_ERROR;
				CLANG_WARN_DOCUMENTATION_COMMENTS = YES;
				CLANG_WARN_EMPTY_BODY = YES;
				CLANG_WARN_ENUM_CONVERSION = YES;
				CLANG_WARN_INFINITE_RECURSION = YES;
				CLANG_WARN_INT_CONVERSION = YES;
				CLANG_WARN_NON_LITERAL_NULL_CONVERSION = YES;
				CLANG_WARN_OBJC_IMPLICIT_RETAIN_SELF = YES;
				CLANG_WARN_OBJC_LITERAL_CONVERSION = YES;
				CLANG_WARN_OBJC_ROOT_CLASS = YES_ERROR;
				CLANG_WARN_RANGE_LOOP_ANALYSIS = YES;
				CLANG_WARN_STRICT_PROTOTYPES = YES;
				CLANG_WARN_SUSPICIOUS_MOVE = YES;
				CLANG_WARN_UNGUARDED_AVAILABILITY = YES_AGGRESSIVE;
				CLANG_WARN_UNREACHABLE_CODE = YES;
				CLANG_WARN__DUPLICATE_METHOD_MATCH = YES;
				COPY_PHASE_STRIP = NO;
				DEBUG_INFORMATION_FORMAT = dwarf;
				ENABLE_STRICT_OBJC_MSGSEND = YES;
				ENABLE_TESTABILITY = YES;
				GCC_C_LANGUAGE_STANDARD = gnu11;
				GCC_DYNAMIC_NO_PIC = NO;
				GCC_NO_COMMON_BLOCKS = YES;
				GCC_OPTIMIZATION_LEVEL = 0;
				GCC_PREPROCESSOR_DEFINITIONS = (
					"DEBUG=1",
					"$(inherited)",
				);
				GCC_WARN_64_TO_32_BIT_CONVERSION = YES;
				GCC_WARN_ABOUT_RETURN_TYPE = YES_ERROR;
				GCC_WARN_UNDECLARED_SELECTOR = YES;
				GCC_WARN_UNINITIALIZED_AUTOS = YES_AGGRESSIVE;
				GCC_WARN_UNUSED_FUNCTION = YES;
				GCC_WARN_UNUSED_VARIABLE = YES;
				IPHONEOS_DEPLOYMENT_TARGET = 13.6;
				MTL_ENABLE_DEBUG_INFO = INCLUDE_SOURCE;
				MTL_FAST_MATH = YES;
				ONLY_ACTIVE_ARCH = YES;
				SDKROOT = iphoneos;
				SWIFT_ACTIVE_COMPILATION_CONDITIONS = DEBUG;
				SWIFT_OPTIMIZATION_LEVEL = "-Onone";
			};
			name = Debug;
		};
		DFA177BB24A918C400FDFD18 /* Release */ = {
			isa = XCBuildConfiguration;
			buildSettings = {
				ALWAYS_SEARCH_USER_PATHS = NO;
				CLANG_ANALYZER_NONNULL = YES;
				CLANG_ANALYZER_NUMBER_OBJECT_CONVERSION = YES_AGGRESSIVE;
				CLANG_CXX_LANGUAGE_STANDARD = "gnu++14";
				CLANG_CXX_LIBRARY = "libc++";
				CLANG_ENABLE_MODULES = YES;
				CLANG_ENABLE_OBJC_ARC = YES;
				CLANG_ENABLE_OBJC_WEAK = YES;
				CLANG_WARN_BLOCK_CAPTURE_AUTORELEASING = YES;
				CLANG_WARN_BOOL_CONVERSION = YES;
				CLANG_WARN_COMMA = YES;
				CLANG_WARN_CONSTANT_CONVERSION = YES;
				CLANG_WARN_DEPRECATED_OBJC_IMPLEMENTATIONS = YES;
				CLANG_WARN_DIRECT_OBJC_ISA_USAGE = YES_ERROR;
				CLANG_WARN_DOCUMENTATION_COMMENTS = YES;
				CLANG_WARN_EMPTY_BODY = YES;
				CLANG_WARN_ENUM_CONVERSION = YES;
				CLANG_WARN_INFINITE_RECURSION = YES;
				CLANG_WARN_INT_CONVERSION = YES;
				CLANG_WARN_NON_LITERAL_NULL_CONVERSION = YES;
				CLANG_WARN_OBJC_IMPLICIT_RETAIN_SELF = YES;
				CLANG_WARN_OBJC_LITERAL_CONVERSION = YES;
				CLANG_WARN_OBJC_ROOT_CLASS = YES_ERROR;
				CLANG_WARN_RANGE_LOOP_ANALYSIS = YES;
				CLANG_WARN_STRICT_PROTOTYPES = YES;
				CLANG_WARN_SUSPICIOUS_MOVE = YES;
				CLANG_WARN_UNGUARDED_AVAILABILITY = YES_AGGRESSIVE;
				CLANG_WARN_UNREACHABLE_CODE = YES;
				CLANG_WARN__DUPLICATE_METHOD_MATCH = YES;
				COPY_PHASE_STRIP = NO;
				DEBUG_INFORMATION_FORMAT = "dwarf-with-dsym";
				ENABLE_NS_ASSERTIONS = NO;
				ENABLE_STRICT_OBJC_MSGSEND = YES;
				GCC_C_LANGUAGE_STANDARD = gnu11;
				GCC_NO_COMMON_BLOCKS = YES;
				GCC_WARN_64_TO_32_BIT_CONVERSION = YES;
				GCC_WARN_ABOUT_RETURN_TYPE = YES_ERROR;
				GCC_WARN_UNDECLARED_SELECTOR = YES;
				GCC_WARN_UNINITIALIZED_AUTOS = YES_AGGRESSIVE;
				GCC_WARN_UNUSED_FUNCTION = YES;
				GCC_WARN_UNUSED_VARIABLE = YES;
				IPHONEOS_DEPLOYMENT_TARGET = 13.6;
				MTL_ENABLE_DEBUG_INFO = NO;
				MTL_FAST_MATH = YES;
				SDKROOT = iphoneos;
				SWIFT_COMPILATION_MODE = wholemodule;
				SWIFT_OPTIMIZATION_LEVEL = "-O";
				VALIDATE_PRODUCT = YES;
			};
			name = Release;
		};
		DFA177BD24A918C400FDFD18 /* Debug */ = {
			isa = XCBuildConfiguration;
			baseConfigurationReference = 8269699A8166232F1486BFF2 /* Pods-MelodyTracks.debug.xcconfig */;
			buildSettings = {
				ASSETCATALOG_COMPILER_APPICON_NAME = AppIcon;
				CODE_SIGN_STYLE = Automatic;
				DEVELOPMENT_TEAM = MYKB7T756Z;
				FRAMEWORK_SEARCH_PATHS = (
					"$(inherited)",
					"$(PROJECT_DIR)/MelodyTracks/aubio-0.4.7.iosuniversal_framework",
				);
				INFOPLIST_FILE = MelodyTracks/Info.plist;
				IPHONEOS_DEPLOYMENT_TARGET = 13.0;
				LD_RUNPATH_SEARCH_PATHS = (
					"$(inherited)",
					"@executable_path/Frameworks",
				);
				LIBRARY_SEARCH_PATHS = (
					"$(inherited)",
					"$(PROJECT_DIR)/MelodyTracks/Superpower",
					"$(PROJECT_DIR)/MelodyTracks/src/Superpower",
					"$(PROJECT_DIR)/Superpower",
				);
				PRODUCT_BUNDLE_IDENTIFIER = com.CSE115A.MelodyTracks;
				PRODUCT_NAME = "$(TARGET_NAME)";
				SWIFT_OBJC_BRIDGING_HEADER = "MelodyTracks/MelodyTracks-Bridging-Header.h";
				SWIFT_VERSION = 5.0;
				TARGETED_DEVICE_FAMILY = "1,2";
			};
			name = Debug;
		};
		DFA177BE24A918C400FDFD18 /* Release */ = {
			isa = XCBuildConfiguration;
			baseConfigurationReference = 797DAF989AB7CB357642BF48 /* Pods-MelodyTracks.release.xcconfig */;
			buildSettings = {
				ASSETCATALOG_COMPILER_APPICON_NAME = AppIcon;
				CODE_SIGN_STYLE = Automatic;
				DEVELOPMENT_TEAM = MYKB7T756Z;
				FRAMEWORK_SEARCH_PATHS = (
					"$(inherited)",
					"$(PROJECT_DIR)/MelodyTracks/aubio-0.4.7.iosuniversal_framework",
				);
				INFOPLIST_FILE = MelodyTracks/Info.plist;
				IPHONEOS_DEPLOYMENT_TARGET = 13.0;
				LD_RUNPATH_SEARCH_PATHS = (
					"$(inherited)",
					"@executable_path/Frameworks",
				);
				LIBRARY_SEARCH_PATHS = (
					"$(inherited)",
					"$(PROJECT_DIR)/MelodyTracks/Superpower",
					"$(PROJECT_DIR)/MelodyTracks/src/Superpower",
					"$(PROJECT_DIR)/Superpower",
				);
				PRODUCT_BUNDLE_IDENTIFIER = com.CSE115A.MelodyTracks;
				PRODUCT_NAME = "$(TARGET_NAME)";
				SWIFT_OBJC_BRIDGING_HEADER = "MelodyTracks/MelodyTracks-Bridging-Header.h";
				SWIFT_VERSION = 5.0;
				TARGETED_DEVICE_FAMILY = "1,2";
			};
			name = Release;
		};
		DFA177C024A918C400FDFD18 /* Debug */ = {
			isa = XCBuildConfiguration;
			baseConfigurationReference = A2346BD8316BC2DC2369F250 /* Pods-MelodyTracksTests.debug.xcconfig */;
			buildSettings = {
				ALWAYS_EMBED_SWIFT_STANDARD_LIBRARIES = YES;
				BUNDLE_LOADER = "$(TEST_HOST)";
				CODE_SIGN_STYLE = Automatic;
				INFOPLIST_FILE = MelodyTracksTests/Info.plist;
				IPHONEOS_DEPLOYMENT_TARGET = 13.6;
				LD_RUNPATH_SEARCH_PATHS = (
					"$(inherited)",
					"@executable_path/Frameworks",
					"@loader_path/Frameworks",
				);
				PRODUCT_BUNDLE_IDENTIFIER = com.CSE115A.MelodyTracksTests;
				PRODUCT_NAME = "$(TARGET_NAME)";
				SWIFT_VERSION = 5.0;
				TARGETED_DEVICE_FAMILY = "1,2";
				TEST_HOST = "$(BUILT_PRODUCTS_DIR)/MelodyTracks.app/MelodyTracks";
			};
			name = Debug;
		};
		DFA177C124A918C400FDFD18 /* Release */ = {
			isa = XCBuildConfiguration;
			baseConfigurationReference = F50A7DBE05D1F86AE8B85DCD /* Pods-MelodyTracksTests.release.xcconfig */;
			buildSettings = {
				ALWAYS_EMBED_SWIFT_STANDARD_LIBRARIES = YES;
				BUNDLE_LOADER = "$(TEST_HOST)";
				CODE_SIGN_STYLE = Automatic;
				INFOPLIST_FILE = MelodyTracksTests/Info.plist;
				IPHONEOS_DEPLOYMENT_TARGET = 13.6;
				LD_RUNPATH_SEARCH_PATHS = (
					"$(inherited)",
					"@executable_path/Frameworks",
					"@loader_path/Frameworks",
				);
				PRODUCT_BUNDLE_IDENTIFIER = com.CSE115A.MelodyTracksTests;
				PRODUCT_NAME = "$(TARGET_NAME)";
				SWIFT_VERSION = 5.0;
				TARGETED_DEVICE_FAMILY = "1,2";
				TEST_HOST = "$(BUILT_PRODUCTS_DIR)/MelodyTracks.app/MelodyTracks";
			};
			name = Release;
		};
		DFA177C324A918C400FDFD18 /* Debug */ = {
			isa = XCBuildConfiguration;
			baseConfigurationReference = 66568E1A4833C3B71D73FFFD /* Pods-MelodyTracks-MelodyTracksUITests.debug.xcconfig */;
			buildSettings = {
				ALWAYS_EMBED_SWIFT_STANDARD_LIBRARIES = YES;
				CODE_SIGN_STYLE = Automatic;
				INFOPLIST_FILE = MelodyTracksUITests/Info.plist;
				LD_RUNPATH_SEARCH_PATHS = (
					"$(inherited)",
					"@executable_path/Frameworks",
					"@loader_path/Frameworks",
				);
				PRODUCT_BUNDLE_IDENTIFIER = com.CSE115A.MelodyTracksUITests;
				PRODUCT_NAME = "$(TARGET_NAME)";
				SWIFT_VERSION = 5.0;
				TARGETED_DEVICE_FAMILY = "1,2";
				TEST_TARGET_NAME = MelodyTracks;
			};
			name = Debug;
		};
		DFA177C424A918C400FDFD18 /* Release */ = {
			isa = XCBuildConfiguration;
			baseConfigurationReference = 7A155DE04E4C21ABFB94FB41 /* Pods-MelodyTracks-MelodyTracksUITests.release.xcconfig */;
			buildSettings = {
				ALWAYS_EMBED_SWIFT_STANDARD_LIBRARIES = YES;
				CODE_SIGN_STYLE = Automatic;
				INFOPLIST_FILE = MelodyTracksUITests/Info.plist;
				LD_RUNPATH_SEARCH_PATHS = (
					"$(inherited)",
					"@executable_path/Frameworks",
					"@loader_path/Frameworks",
				);
				PRODUCT_BUNDLE_IDENTIFIER = com.CSE115A.MelodyTracksUITests;
				PRODUCT_NAME = "$(TARGET_NAME)";
				SWIFT_VERSION = 5.0;
				TARGETED_DEVICE_FAMILY = "1,2";
				TEST_TARGET_NAME = MelodyTracks;
			};
			name = Release;
		};
/* End XCBuildConfiguration section */

/* Begin XCConfigurationList section */
		DFA1778D24A918C300FDFD18 /* Build configuration list for PBXProject "MelodyTracks" */ = {
			isa = XCConfigurationList;
			buildConfigurations = (
				DFA177BA24A918C400FDFD18 /* Debug */,
				DFA177BB24A918C400FDFD18 /* Release */,
			);
			defaultConfigurationIsVisible = 0;
			defaultConfigurationName = Release;
		};
		DFA177BC24A918C400FDFD18 /* Build configuration list for PBXNativeTarget "MelodyTracks" */ = {
			isa = XCConfigurationList;
			buildConfigurations = (
				DFA177BD24A918C400FDFD18 /* Debug */,
				DFA177BE24A918C400FDFD18 /* Release */,
			);
			defaultConfigurationIsVisible = 0;
			defaultConfigurationName = Release;
		};
		DFA177BF24A918C400FDFD18 /* Build configuration list for PBXNativeTarget "MelodyTracksTests" */ = {
			isa = XCConfigurationList;
			buildConfigurations = (
				DFA177C024A918C400FDFD18 /* Debug */,
				DFA177C124A918C400FDFD18 /* Release */,
			);
			defaultConfigurationIsVisible = 0;
			defaultConfigurationName = Release;
		};
		DFA177C224A918C400FDFD18 /* Build configuration list for PBXNativeTarget "MelodyTracksUITests" */ = {
			isa = XCConfigurationList;
			buildConfigurations = (
				DFA177C324A918C400FDFD18 /* Debug */,
				DFA177C424A918C400FDFD18 /* Release */,
			);
			defaultConfigurationIsVisible = 0;
			defaultConfigurationName = Release;
		};
/* End XCConfigurationList section */
	};
	rootObject = DFA1778A24A918C300FDFD18 /* Project object */;
}
